
Microsoft Visual Studio Solution File, Format Version 12.00
# Visual Studio 2012
# SharpDevelop 5.1
VisualStudioVersion = 12.0.20827.3
MinimumVisualStudioVersion = 10.0.40219.1
Project("{FAE04EC0-301F-11D3-BF4B-00C04F79EFBC}") = "SettlerLikeConsole", "SettlerLikeConsole\SettlerLikeConsole.csproj", "{AB6DFD2C-3199-481F-A95B-42BB754E59ED}"
EndProject
Global
	GlobalSection(SolutionConfigurationPlatforms) = preSolution
		Debug|Any CPU = Debug|Any CPU
		Release|Any CPU = Release|Any CPU
	EndGlobalSection
	GlobalSection(ProjectConfigurationPlatforms) = postSolution
		{AB6DFD2C-3199-481F-A95B-42BB754E59ED}.Debug|Any CPU.ActiveCfg = Debug|Any CPU
		{AB6DFD2C-3199-481F-A95B-42BB754E59ED}.Debug|Any CPU.Build.0 = Debug|Any CPU
		{AB6DFD2C-3199-481F-A95B-42BB754E59ED}.Release|Any CPU.ActiveCfg = Release|Any CPU
		{AB6DFD2C-3199-481F-A95B-42BB754E59ED}.Release|Any CPU.Build.0 = Release|Any CPU
	EndGlobalSection
EndGlobal
